
Microsoft Visual Studio Solution File, Format Version 12.00
# Visual Studio 15
VisualStudioVersion = 15.0.28307.960
MinimumVisualStudioVersion = 10.0.40219.1
Project("{FAE04EC0-301F-11D3-BF4B-00C04F79EFBC}") = "TestPlanDriver", "TestPlanDriver\TestPlanDriver.csproj", "{E2365577-551A-40CA-A2CE-FA9253B55189}"
	ProjectSection(ProjectDependencies) = postProject
		{9C58F571-2273-496A-8A86-52F062211206} = {9C58F571-2273-496A-8A86-52F062211206}
		{ABA2DB8F-7BE1-4CED-A026-41ED606F1B4F} = {ABA2DB8F-7BE1-4CED-A026-41ED606F1B4F}
		{2D831CBC-E343-46D5-9E84-0997AD932D0F} = {2D831CBC-E343-46D5-9E84-0997AD932D0F}
		{0AF10ACE-64D3-4A87-9C50-662BAEBAEE49} = {0AF10ACE-64D3-4A87-9C50-662BAEBAEE49}
		{884D3BD0-9F3E-49C1-89A6-132359A07E13} = {884D3BD0-9F3E-49C1-89A6-132359A07E13}
		{B01071D7-31E5-4F8E-B065-3612F83BC4F0} = {B01071D7-31E5-4F8E-B065-3612F83BC4F0}
	EndProjectSection
EndProject
Project("{FAE04EC0-301F-11D3-BF4B-00C04F79EFBC}") = "Avago.WSD.ClothoCommonLib.Algos.FBar.YuHan", "Avago.WSD.ClothoCommonLib.Algos.FBar.YuHan\Avago.WSD.ClothoCommonLib.Algos.FBar.YuHan.csproj", "{7E736775-B7D5-4E00-BB3F-5BF6622664A7}"
EndProject
Project("{FAE04EC0-301F-11D3-BF4B-00C04F79EFBC}") = "Avago.ATF.LightweightDriver", "Avago.ATF.LightweightDriver\Avago.ATF.LightweightDriver.csproj", "{CD373B7D-DD7A-45C2-B401-F847D9B46E7C}"
EndProject
Project("{FAE04EC0-301F-11D3-BF4B-00C04F79EFBC}") = "Aemulus_PXIe_Modules_Info", "Aemulus_PXIe_Modules_Info\Aemulus_PXIe_Modules_Info.csproj", "{46444EC7-C6ED-4792-BC33-BCC4AD906B6E}"
EndProject
Project("{FAE04EC0-301F-11D3-BF4B-00C04F79EFBC}") = "AvagoGU", "AvagoGuCalVrfy\AvagoGU.csproj", "{2D831CBC-E343-46D5-9E84-0997AD932D0F}"
EndProject
Project("{FAE04EC0-301F-11D3-BF4B-00C04F79EFBC}") = "LibEqmtDriver", "LibEqmtDriver\LibEqmtDriver.csproj", "{9C58F571-2273-496A-8A86-52F062211206}"
EndProject
Project("{FAE04EC0-301F-11D3-BF4B-00C04F79EFBC}") = "MyProduct", "MyProduct\MyProduct.csproj", "{B01071D7-31E5-4F8E-B065-3612F83BC4F0}"
EndProject
Project("{FAE04EC0-301F-11D3-BF4B-00C04F79EFBC}") = "NI_PXIe_Modules_Info", "NI_PXIe_Modules_Info\NI_PXIe_Modules_Info.csproj", "{DB138D1B-30FB-4804-B443-CBAC8478D65A}"
EndProject
Project("{FAE04EC0-301F-11D3-BF4B-00C04F79EFBC}") = "StopWatchManager", "StopWatchManager\StopWatchManager.csproj", "{884D3BD0-9F3E-49C1-89A6-132359A07E13}"
EndProject
Project("{FAE04EC0-301F-11D3-BF4B-00C04F79EFBC}") = "TCPHandlerProtocol", "TCPHandlerProtocol\TCPHandlerProtocol.csproj", "{971E9196-B710-4331-AD7F-1578090769E5}"
EndProject
Project("{2150E333-8FDC-42A3-9474-1A3956D46DE8}") = "Equipment", "Equipment", "{A1E685DE-7F43-452D-9C0B-48F2FBD9C3EB}"
EndProject
Project("{2150E333-8FDC-42A3-9474-1A3956D46DE8}") = "NFProjects", "NFProjects", "{6F69890A-5889-4DCE-A43B-21918E860E2F}"
EndProject
Project("{FAE04EC0-301F-11D3-BF4B-00C04F79EFBC}") = "ClothoLibAlgo", "ClothoLibAlgo\ClothoLibAlgo.csproj", "{220A6F97-0A99-4DB8-AAE6-B41B681723E5}"
EndProject
Project("{2150E333-8FDC-42A3-9474-1A3956D46DE8}") = "TestPlanCurrent", "TestPlanCurrent", "{634545CD-5F25-4963-A0A8-4DBCF82632EC}"
EndProject
Project("{2150E333-8FDC-42A3-9474-1A3956D46DE8}") = "CommonProjects", "CommonProjects", "{7060497B-FAE9-45D4-AE81-2AB01B1A31A1}"
EndProject
Project("{2150E333-8FDC-42A3-9474-1A3956D46DE8}") = "TestPlan", "TestPlan", "{383F6D1F-F357-4B25-9D16-FE07110970E7}"
EndProject
Project("{2150E333-8FDC-42A3-9474-1A3956D46DE8}") = "TestPlans", "TestPlans", "{E04B5303-0AE8-4498-BB6F-B87FFD269008}"
EndProject
Project("{FAE04EC0-301F-11D3-BF4B-00C04F79EFBC}") = "TestPlan_BansheeFull", "TestPlans\TestPlan_BansheeFull\TestPlan_BansheeFull.csproj", "{4C7C9958-70C6-4E1A-9835-F96FF4490F27}"
EndProject
Project("{FAE04EC0-301F-11D3-BF4B-00C04F79EFBC}") = "TestPlanCommon", "TestPlanCommon\TestPlanCommon.csproj", "{2487CD75-7E93-4322-8F08-158DA1C11768}"
EndProject
Project("{FAE04EC0-301F-11D3-BF4B-00C04F79EFBC}") = "ClothoSharedItems", "ClothoSharedItems\ClothoSharedItems.csproj", "{C403325F-F34D-4993-B1E5-2EFCA24B24D3}"
EndProject
Project("{2150E333-8FDC-42A3-9474-1A3956D46DE8}") = "Dontuse", "Dontuse", "{AAF41730-EC18-45CE-A289-76410C58BB3E}"
EndProject
Project("{FAE04EC0-301F-11D3-BF4B-00C04F79EFBC}") = "clsfrmDoubleUnit", "DontUse\clsfrmDoubleUnit\clsfrmDoubleUnit.csproj", "{ABA2DB8F-7BE1-4CED-A026-41ED606F1B4F}"
EndProject
Project("{FAE04EC0-301F-11D3-BF4B-00C04F79EFBC}") = "clsfrmDPatMsgBox", "DontUse\clsfrmDPatMsgBox\clsfrmDPatMsgBox.csproj", "{9A531FB1-8227-4AA6-AF94-57EF4B98442F}"
EndProject
Project("{FAE04EC0-301F-11D3-BF4B-00C04F79EFBC}") = "clsfrmInputUI", "DontUse\clsfrmInputUI\clsfrmInputUI.csproj", "{0AF10ACE-64D3-4A87-9C50-662BAEBAEE49}"
EndProject
Project("{FAE04EC0-301F-11D3-BF4B-00C04F79EFBC}") = "ProductionLib2", "ProductionLib\ProductionLib2.csproj", "{D1BA6F01-BE29-4C40-B371-B52692A56C9F}"
EndProject
Project("{FAE04EC0-301F-11D3-BF4B-00C04F79EFBC}") = "LocalGUdatabase", "LocalGUdatabase\LocalGUdatabase\LocalGUdatabase.csproj", "{CB6F21C6-8301-4159-B4E7-601CC72B52B2}"
EndProject
Global
	GlobalSection(SolutionConfigurationPlatforms) = preSolution
		Debug|Any CPU = Debug|Any CPU
		Debug|Mixed Platforms = Debug|Mixed Platforms
		Debug|x64 = Debug|x64
		Debug|x86 = Debug|x86
		Encrypt|Any CPU = Encrypt|Any CPU
		Encrypt|Mixed Platforms = Encrypt|Mixed Platforms
		Encrypt|x64 = Encrypt|x64
		Encrypt|x86 = Encrypt|x86
		Release|Any CPU = Release|Any CPU
		Release|Mixed Platforms = Release|Mixed Platforms
		Release|x64 = Release|x64
		Release|x86 = Release|x86
	EndGlobalSection
	GlobalSection(ProjectConfigurationPlatforms) = postSolution
		{E2365577-551A-40CA-A2CE-FA9253B55189}.Debug|Any CPU.ActiveCfg = Debug|Any CPU
		{E2365577-551A-40CA-A2CE-FA9253B55189}.Debug|Any CPU.Build.0 = Debug|Any CPU
		{E2365577-551A-40CA-A2CE-FA9253B55189}.Debug|Mixed Platforms.ActiveCfg = Debug|x64
		{E2365577-551A-40CA-A2CE-FA9253B55189}.Debug|Mixed Platforms.Build.0 = Debug|x64
		{E2365577-551A-40CA-A2CE-FA9253B55189}.Debug|x64.ActiveCfg = Debug|x64
		{E2365577-551A-40CA-A2CE-FA9253B55189}.Debug|x64.Build.0 = Debug|x64
		{E2365577-551A-40CA-A2CE-FA9253B55189}.Debug|x86.ActiveCfg = Debug|x86
		{E2365577-551A-40CA-A2CE-FA9253B55189}.Debug|x86.Build.0 = Debug|x86
		{E2365577-551A-40CA-A2CE-FA9253B55189}.Encrypt|Any CPU.ActiveCfg = Release|Any CPU
		{E2365577-551A-40CA-A2CE-FA9253B55189}.Encrypt|Any CPU.Build.0 = Release|Any CPU
		{E2365577-551A-40CA-A2CE-FA9253B55189}.Encrypt|Mixed Platforms.ActiveCfg = Release|x86
		{E2365577-551A-40CA-A2CE-FA9253B55189}.Encrypt|Mixed Platforms.Build.0 = Release|x86
		{E2365577-551A-40CA-A2CE-FA9253B55189}.Encrypt|x64.ActiveCfg = Release|x64
		{E2365577-551A-40CA-A2CE-FA9253B55189}.Encrypt|x64.Build.0 = Release|x64
		{E2365577-551A-40CA-A2CE-FA9253B55189}.Encrypt|x86.ActiveCfg = Release|x86
		{E2365577-551A-40CA-A2CE-FA9253B55189}.Encrypt|x86.Build.0 = Release|x86
		{E2365577-551A-40CA-A2CE-FA9253B55189}.Release|Any CPU.ActiveCfg = Release|Any CPU
		{E2365577-551A-40CA-A2CE-FA9253B55189}.Release|Any CPU.Build.0 = Release|Any CPU
		{E2365577-551A-40CA-A2CE-FA9253B55189}.Release|Mixed Platforms.ActiveCfg = Release|x64
		{E2365577-551A-40CA-A2CE-FA9253B55189}.Release|Mixed Platforms.Build.0 = Release|x64
		{E2365577-551A-40CA-A2CE-FA9253B55189}.Release|x64.ActiveCfg = Release|x64
		{E2365577-551A-40CA-A2CE-FA9253B55189}.Release|x64.Build.0 = Release|x64
		{E2365577-551A-40CA-A2CE-FA9253B55189}.Release|x86.ActiveCfg = Release|x86
		{E2365577-551A-40CA-A2CE-FA9253B55189}.Release|x86.Build.0 = Release|x86
		{7E736775-B7D5-4E00-BB3F-5BF6622664A7}.Debug|Any CPU.ActiveCfg = Debug|Any CPU
		{7E736775-B7D5-4E00-BB3F-5BF6622664A7}.Debug|Any CPU.Build.0 = Debug|Any CPU
		{7E736775-B7D5-4E00-BB3F-5BF6622664A7}.Debug|Mixed Platforms.ActiveCfg = Debug|x64
		{7E736775-B7D5-4E00-BB3F-5BF6622664A7}.Debug|Mixed Platforms.Build.0 = Debug|x64
		{7E736775-B7D5-4E00-BB3F-5BF6622664A7}.Debug|x64.ActiveCfg = Debug|x64
		{7E736775-B7D5-4E00-BB3F-5BF6622664A7}.Debug|x64.Build.0 = Debug|x64
		{7E736775-B7D5-4E00-BB3F-5BF6622664A7}.Debug|x86.ActiveCfg = Debug|x86
		{7E736775-B7D5-4E00-BB3F-5BF6622664A7}.Debug|x86.Build.0 = Debug|x86
		{7E736775-B7D5-4E00-BB3F-5BF6622664A7}.Encrypt|Any CPU.ActiveCfg = Release|Any CPU
		{7E736775-B7D5-4E00-BB3F-5BF6622664A7}.Encrypt|Any CPU.Build.0 = Release|Any CPU
		{7E736775-B7D5-4E00-BB3F-5BF6622664A7}.Encrypt|Mixed Platforms.ActiveCfg = Release|x86
		{7E736775-B7D5-4E00-BB3F-5BF6622664A7}.Encrypt|Mixed Platforms.Build.0 = Release|x86
		{7E736775-B7D5-4E00-BB3F-5BF6622664A7}.Encrypt|x64.ActiveCfg = Release|x64
		{7E736775-B7D5-4E00-BB3F-5BF6622664A7}.Encrypt|x64.Build.0 = Release|x64
		{7E736775-B7D5-4E00-BB3F-5BF6622664A7}.Encrypt|x86.ActiveCfg = Release|x86
		{7E736775-B7D5-4E00-BB3F-5BF6622664A7}.Encrypt|x86.Build.0 = Release|x86
		{7E736775-B7D5-4E00-BB3F-5BF6622664A7}.Release|Any CPU.ActiveCfg = Release|Any CPU
		{7E736775-B7D5-4E00-BB3F-5BF6622664A7}.Release|Any CPU.Build.0 = Release|Any CPU
		{7E736775-B7D5-4E00-BB3F-5BF6622664A7}.Release|Mixed Platforms.ActiveCfg = Release|x64
		{7E736775-B7D5-4E00-BB3F-5BF6622664A7}.Release|Mixed Platforms.Build.0 = Release|x64
		{7E736775-B7D5-4E00-BB3F-5BF6622664A7}.Release|x64.ActiveCfg = Release|x64
		{7E736775-B7D5-4E00-BB3F-5BF6622664A7}.Release|x64.Build.0 = Release|x64
		{7E736775-B7D5-4E00-BB3F-5BF6622664A7}.Release|x86.ActiveCfg = Release|x86
		{7E736775-B7D5-4E00-BB3F-5BF6622664A7}.Release|x86.Build.0 = Release|x86
		{CD373B7D-DD7A-45C2-B401-F847D9B46E7C}.Debug|Any CPU.ActiveCfg = Debug|Any CPU
		{CD373B7D-DD7A-45C2-B401-F847D9B46E7C}.Debug|Any CPU.Build.0 = Debug|Any CPU
		{CD373B7D-DD7A-45C2-B401-F847D9B46E7C}.Debug|Mixed Platforms.ActiveCfg = Debug|Any CPU
		{CD373B7D-DD7A-45C2-B401-F847D9B46E7C}.Debug|Mixed Platforms.Build.0 = Debug|Any CPU
		{CD373B7D-DD7A-45C2-B401-F847D9B46E7C}.Debug|x64.ActiveCfg = Debug|x64
		{CD373B7D-DD7A-45C2-B401-F847D9B46E7C}.Debug|x64.Build.0 = Debug|x64
		{CD373B7D-DD7A-45C2-B401-F847D9B46E7C}.Debug|x86.ActiveCfg = Debug|Any CPU
		{CD373B7D-DD7A-45C2-B401-F847D9B46E7C}.Debug|x86.Build.0 = Debug|Any CPU
		{CD373B7D-DD7A-45C2-B401-F847D9B46E7C}.Encrypt|Any CPU.ActiveCfg = Release|Any CPU
		{CD373B7D-DD7A-45C2-B401-F847D9B46E7C}.Encrypt|Any CPU.Build.0 = Release|Any CPU
		{CD373B7D-DD7A-45C2-B401-F847D9B46E7C}.Encrypt|Mixed Platforms.ActiveCfg = Release|Any CPU
		{CD373B7D-DD7A-45C2-B401-F847D9B46E7C}.Encrypt|Mixed Platforms.Build.0 = Release|Any CPU
		{CD373B7D-DD7A-45C2-B401-F847D9B46E7C}.Encrypt|x64.ActiveCfg = Release|x64
		{CD373B7D-DD7A-45C2-B401-F847D9B46E7C}.Encrypt|x64.Build.0 = Release|x64
		{CD373B7D-DD7A-45C2-B401-F847D9B46E7C}.Encrypt|x86.ActiveCfg = Release|Any CPU
		{CD373B7D-DD7A-45C2-B401-F847D9B46E7C}.Encrypt|x86.Build.0 = Release|Any CPU
		{CD373B7D-DD7A-45C2-B401-F847D9B46E7C}.Release|Any CPU.ActiveCfg = Release|Any CPU
		{CD373B7D-DD7A-45C2-B401-F847D9B46E7C}.Release|Any CPU.Build.0 = Release|Any CPU
		{CD373B7D-DD7A-45C2-B401-F847D9B46E7C}.Release|Mixed Platforms.ActiveCfg = Release|Any CPU
		{CD373B7D-DD7A-45C2-B401-F847D9B46E7C}.Release|Mixed Platforms.Build.0 = Release|Any CPU
		{CD373B7D-DD7A-45C2-B401-F847D9B46E7C}.Release|x64.ActiveCfg = Release|x64
		{CD373B7D-DD7A-45C2-B401-F847D9B46E7C}.Release|x64.Build.0 = Release|x64
		{CD373B7D-DD7A-45C2-B401-F847D9B46E7C}.Release|x86.ActiveCfg = Release|Any CPU
		{CD373B7D-DD7A-45C2-B401-F847D9B46E7C}.Release|x86.Build.0 = Release|Any CPU
		{46444EC7-C6ED-4792-BC33-BCC4AD906B6E}.Debug|Any CPU.ActiveCfg = Debug|Any CPU
		{46444EC7-C6ED-4792-BC33-BCC4AD906B6E}.Debug|Any CPU.Build.0 = Debug|Any CPU
		{46444EC7-C6ED-4792-BC33-BCC4AD906B6E}.Debug|Mixed Platforms.ActiveCfg = Debug|Any CPU
		{46444EC7-C6ED-4792-BC33-BCC4AD906B6E}.Debug|Mixed Platforms.Build.0 = Debug|Any CPU
		{46444EC7-C6ED-4792-BC33-BCC4AD906B6E}.Debug|x64.ActiveCfg = Debug|x64
		{46444EC7-C6ED-4792-BC33-BCC4AD906B6E}.Debug|x64.Build.0 = Debug|x64
		{46444EC7-C6ED-4792-BC33-BCC4AD906B6E}.Debug|x86.ActiveCfg = Debug|Any CPU
		{46444EC7-C6ED-4792-BC33-BCC4AD906B6E}.Debug|x86.Build.0 = Debug|Any CPU
		{46444EC7-C6ED-4792-BC33-BCC4AD906B6E}.Encrypt|Any CPU.ActiveCfg = Release|Any CPU
		{46444EC7-C6ED-4792-BC33-BCC4AD906B6E}.Encrypt|Any CPU.Build.0 = Release|Any CPU
		{46444EC7-C6ED-4792-BC33-BCC4AD906B6E}.Encrypt|Mixed Platforms.ActiveCfg = Release|Any CPU
		{46444EC7-C6ED-4792-BC33-BCC4AD906B6E}.Encrypt|Mixed Platforms.Build.0 = Release|Any CPU
		{46444EC7-C6ED-4792-BC33-BCC4AD906B6E}.Encrypt|x64.ActiveCfg = Release|Any CPU
		{46444EC7-C6ED-4792-BC33-BCC4AD906B6E}.Encrypt|x64.Build.0 = Release|Any CPU
		{46444EC7-C6ED-4792-BC33-BCC4AD906B6E}.Encrypt|x86.ActiveCfg = Release|Any CPU
		{46444EC7-C6ED-4792-BC33-BCC4AD906B6E}.Encrypt|x86.Build.0 = Release|Any CPU
		{46444EC7-C6ED-4792-BC33-BCC4AD906B6E}.Release|Any CPU.ActiveCfg = Release|Any CPU
		{46444EC7-C6ED-4792-BC33-BCC4AD906B6E}.Release|Any CPU.Build.0 = Release|Any CPU
		{46444EC7-C6ED-4792-BC33-BCC4AD906B6E}.Release|Mixed Platforms.ActiveCfg = Release|Any CPU
		{46444EC7-C6ED-4792-BC33-BCC4AD906B6E}.Release|Mixed Platforms.Build.0 = Release|Any CPU
		{46444EC7-C6ED-4792-BC33-BCC4AD906B6E}.Release|x64.ActiveCfg = Release|Any CPU
		{46444EC7-C6ED-4792-BC33-BCC4AD906B6E}.Release|x64.Build.0 = Release|Any CPU
		{46444EC7-C6ED-4792-BC33-BCC4AD906B6E}.Release|x86.ActiveCfg = Release|Any CPU
		{46444EC7-C6ED-4792-BC33-BCC4AD906B6E}.Release|x86.Build.0 = Release|Any CPU
		{2D831CBC-E343-46D5-9E84-0997AD932D0F}.Debug|Any CPU.ActiveCfg = Debug|Any CPU
		{2D831CBC-E343-46D5-9E84-0997AD932D0F}.Debug|Any CPU.Build.0 = Debug|Any CPU
		{2D831CBC-E343-46D5-9E84-0997AD932D0F}.Debug|Mixed Platforms.ActiveCfg = Debug|x86
		{2D831CBC-E343-46D5-9E84-0997AD932D0F}.Debug|Mixed Platforms.Build.0 = Debug|x86
		{2D831CBC-E343-46D5-9E84-0997AD932D0F}.Debug|x64.ActiveCfg = Debug|x64
		{2D831CBC-E343-46D5-9E84-0997AD932D0F}.Debug|x64.Build.0 = Debug|x64
		{2D831CBC-E343-46D5-9E84-0997AD932D0F}.Debug|x86.ActiveCfg = Debug|x86
		{2D831CBC-E343-46D5-9E84-0997AD932D0F}.Debug|x86.Build.0 = Debug|x86
		{2D831CBC-E343-46D5-9E84-0997AD932D0F}.Encrypt|Any CPU.ActiveCfg = Encrypt|Any CPU
		{2D831CBC-E343-46D5-9E84-0997AD932D0F}.Encrypt|Any CPU.Build.0 = Encrypt|Any CPU
		{2D831CBC-E343-46D5-9E84-0997AD932D0F}.Encrypt|Mixed Platforms.ActiveCfg = Encrypt|x86
		{2D831CBC-E343-46D5-9E84-0997AD932D0F}.Encrypt|Mixed Platforms.Build.0 = Encrypt|x86
		{2D831CBC-E343-46D5-9E84-0997AD932D0F}.Encrypt|x64.ActiveCfg = Encrypt|x64
		{2D831CBC-E343-46D5-9E84-0997AD932D0F}.Encrypt|x64.Build.0 = Encrypt|x64
		{2D831CBC-E343-46D5-9E84-0997AD932D0F}.Encrypt|x86.ActiveCfg = Encrypt|x86
		{2D831CBC-E343-46D5-9E84-0997AD932D0F}.Encrypt|x86.Build.0 = Encrypt|x86
		{2D831CBC-E343-46D5-9E84-0997AD932D0F}.Release|Any CPU.ActiveCfg = Release|Any CPU
		{2D831CBC-E343-46D5-9E84-0997AD932D0F}.Release|Any CPU.Build.0 = Release|Any CPU
		{2D831CBC-E343-46D5-9E84-0997AD932D0F}.Release|Mixed Platforms.ActiveCfg = Release|x86
		{2D831CBC-E343-46D5-9E84-0997AD932D0F}.Release|Mixed Platforms.Build.0 = Release|x86
		{2D831CBC-E343-46D5-9E84-0997AD932D0F}.Release|x64.ActiveCfg = Release|x64
		{2D831CBC-E343-46D5-9E84-0997AD932D0F}.Release|x64.Build.0 = Release|x64
		{2D831CBC-E343-46D5-9E84-0997AD932D0F}.Release|x86.ActiveCfg = Release|x86
		{2D831CBC-E343-46D5-9E84-0997AD932D0F}.Release|x86.Build.0 = Release|x86
		{9C58F571-2273-496A-8A86-52F062211206}.Debug|Any CPU.ActiveCfg = Debug|Any CPU
		{9C58F571-2273-496A-8A86-52F062211206}.Debug|Any CPU.Build.0 = Debug|Any CPU
		{9C58F571-2273-496A-8A86-52F062211206}.Debug|Mixed Platforms.ActiveCfg = Debug|Any CPU
		{9C58F571-2273-496A-8A86-52F062211206}.Debug|Mixed Platforms.Build.0 = Debug|Any CPU
		{9C58F571-2273-496A-8A86-52F062211206}.Debug|x64.ActiveCfg = Debug|x64
		{9C58F571-2273-496A-8A86-52F062211206}.Debug|x64.Build.0 = Debug|x64
		{9C58F571-2273-496A-8A86-52F062211206}.Debug|x86.ActiveCfg = Debug|Any CPU
		{9C58F571-2273-496A-8A86-52F062211206}.Debug|x86.Build.0 = Debug|Any CPU
		{9C58F571-2273-496A-8A86-52F062211206}.Encrypt|Any CPU.ActiveCfg = Release|Any CPU
		{9C58F571-2273-496A-8A86-52F062211206}.Encrypt|Any CPU.Build.0 = Release|Any CPU
		{9C58F571-2273-496A-8A86-52F062211206}.Encrypt|Mixed Platforms.ActiveCfg = Release|Any CPU
		{9C58F571-2273-496A-8A86-52F062211206}.Encrypt|Mixed Platforms.Build.0 = Release|Any CPU
		{9C58F571-2273-496A-8A86-52F062211206}.Encrypt|x64.ActiveCfg = Release|x64
		{9C58F571-2273-496A-8A86-52F062211206}.Encrypt|x64.Build.0 = Release|x64
		{9C58F571-2273-496A-8A86-52F062211206}.Encrypt|x86.ActiveCfg = Release|Any CPU
		{9C58F571-2273-496A-8A86-52F062211206}.Encrypt|x86.Build.0 = Release|Any CPU
		{9C58F571-2273-496A-8A86-52F062211206}.Release|Any CPU.ActiveCfg = Release|Any CPU
		{9C58F571-2273-496A-8A86-52F062211206}.Release|Any CPU.Build.0 = Release|Any CPU
		{9C58F571-2273-496A-8A86-52F062211206}.Release|Mixed Platforms.ActiveCfg = Release|Any CPU
		{9C58F571-2273-496A-8A86-52F062211206}.Release|Mixed Platforms.Build.0 = Release|Any CPU
		{9C58F571-2273-496A-8A86-52F062211206}.Release|x64.ActiveCfg = Release|x64
		{9C58F571-2273-496A-8A86-52F062211206}.Release|x64.Build.0 = Release|x64
		{9C58F571-2273-496A-8A86-52F062211206}.Release|x86.ActiveCfg = Release|Any CPU
		{9C58F571-2273-496A-8A86-52F062211206}.Release|x86.Build.0 = Release|Any CPU
		{B01071D7-31E5-4F8E-B065-3612F83BC4F0}.Debug|Any CPU.ActiveCfg = Debug|Any CPU
		{B01071D7-31E5-4F8E-B065-3612F83BC4F0}.Debug|Any CPU.Build.0 = Debug|Any CPU
		{B01071D7-31E5-4F8E-B065-3612F83BC4F0}.Debug|Mixed Platforms.ActiveCfg = Debug|x86
		{B01071D7-31E5-4F8E-B065-3612F83BC4F0}.Debug|Mixed Platforms.Build.0 = Debug|x86
		{B01071D7-31E5-4F8E-B065-3612F83BC4F0}.Debug|x64.ActiveCfg = Debug|x64
		{B01071D7-31E5-4F8E-B065-3612F83BC4F0}.Debug|x64.Build.0 = Debug|x64
		{B01071D7-31E5-4F8E-B065-3612F83BC4F0}.Debug|x86.ActiveCfg = Debug|x86
		{B01071D7-31E5-4F8E-B065-3612F83BC4F0}.Debug|x86.Build.0 = Debug|x86
		{B01071D7-31E5-4F8E-B065-3612F83BC4F0}.Encrypt|Any CPU.ActiveCfg = Release|Any CPU
		{B01071D7-31E5-4F8E-B065-3612F83BC4F0}.Encrypt|Any CPU.Build.0 = Release|Any CPU
		{B01071D7-31E5-4F8E-B065-3612F83BC4F0}.Encrypt|Mixed Platforms.ActiveCfg = Release|x86
		{B01071D7-31E5-4F8E-B065-3612F83BC4F0}.Encrypt|Mixed Platforms.Build.0 = Release|x86
		{B01071D7-31E5-4F8E-B065-3612F83BC4F0}.Encrypt|x64.ActiveCfg = Release|x64
		{B01071D7-31E5-4F8E-B065-3612F83BC4F0}.Encrypt|x64.Build.0 = Release|x64
		{B01071D7-31E5-4F8E-B065-3612F83BC4F0}.Encrypt|x86.ActiveCfg = Release|x86
		{B01071D7-31E5-4F8E-B065-3612F83BC4F0}.Encrypt|x86.Build.0 = Release|x86
		{B01071D7-31E5-4F8E-B065-3612F83BC4F0}.Release|Any CPU.ActiveCfg = Release|Any CPU
		{B01071D7-31E5-4F8E-B065-3612F83BC4F0}.Release|Any CPU.Build.0 = Release|Any CPU
		{B01071D7-31E5-4F8E-B065-3612F83BC4F0}.Release|Mixed Platforms.ActiveCfg = Release|x86
		{B01071D7-31E5-4F8E-B065-3612F83BC4F0}.Release|Mixed Platforms.Build.0 = Release|x86
		{B01071D7-31E5-4F8E-B065-3612F83BC4F0}.Release|x64.ActiveCfg = Release|x64
		{B01071D7-31E5-4F8E-B065-3612F83BC4F0}.Release|x64.Build.0 = Release|x64
		{B01071D7-31E5-4F8E-B065-3612F83BC4F0}.Release|x86.ActiveCfg = Release|x86
		{B01071D7-31E5-4F8E-B065-3612F83BC4F0}.Release|x86.Build.0 = Release|x86
		{DB138D1B-30FB-4804-B443-CBAC8478D65A}.Debug|Any CPU.ActiveCfg = Debug|Any CPU
		{DB138D1B-30FB-4804-B443-CBAC8478D65A}.Debug|Any CPU.Build.0 = Debug|Any CPU
		{DB138D1B-30FB-4804-B443-CBAC8478D65A}.Debug|Mixed Platforms.ActiveCfg = Debug|Any CPU
		{DB138D1B-30FB-4804-B443-CBAC8478D65A}.Debug|Mixed Platforms.Build.0 = Debug|Any CPU
		{DB138D1B-30FB-4804-B443-CBAC8478D65A}.Debug|x64.ActiveCfg = Debug|x64
		{DB138D1B-30FB-4804-B443-CBAC8478D65A}.Debug|x64.Build.0 = Debug|x64
		{DB138D1B-30FB-4804-B443-CBAC8478D65A}.Debug|x86.ActiveCfg = Debug|Any CPU
		{DB138D1B-30FB-4804-B443-CBAC8478D65A}.Debug|x86.Build.0 = Debug|Any CPU
		{DB138D1B-30FB-4804-B443-CBAC8478D65A}.Encrypt|Any CPU.ActiveCfg = Release|Any CPU
		{DB138D1B-30FB-4804-B443-CBAC8478D65A}.Encrypt|Any CPU.Build.0 = Release|Any CPU
		{DB138D1B-30FB-4804-B443-CBAC8478D65A}.Encrypt|Mixed Platforms.ActiveCfg = Release|Any CPU
		{DB138D1B-30FB-4804-B443-CBAC8478D65A}.Encrypt|Mixed Platforms.Build.0 = Release|Any CPU
		{DB138D1B-30FB-4804-B443-CBAC8478D65A}.Encrypt|x64.ActiveCfg = Release|Any CPU
		{DB138D1B-30FB-4804-B443-CBAC8478D65A}.Encrypt|x64.Build.0 = Release|Any CPU
		{DB138D1B-30FB-4804-B443-CBAC8478D65A}.Encrypt|x86.ActiveCfg = Release|Any CPU
		{DB138D1B-30FB-4804-B443-CBAC8478D65A}.Encrypt|x86.Build.0 = Release|Any CPU
		{DB138D1B-30FB-4804-B443-CBAC8478D65A}.Release|Any CPU.ActiveCfg = Release|Any CPU
		{DB138D1B-30FB-4804-B443-CBAC8478D65A}.Release|Any CPU.Build.0 = Release|Any CPU
		{DB138D1B-30FB-4804-B443-CBAC8478D65A}.Release|Mixed Platforms.ActiveCfg = Release|Any CPU
		{DB138D1B-30FB-4804-B443-CBAC8478D65A}.Release|Mixed Platforms.Build.0 = Release|Any CPU
		{DB138D1B-30FB-4804-B443-CBAC8478D65A}.Release|x64.ActiveCfg = Release|Any CPU
		{DB138D1B-30FB-4804-B443-CBAC8478D65A}.Release|x64.Build.0 = Release|Any CPU
		{DB138D1B-30FB-4804-B443-CBAC8478D65A}.Release|x86.ActiveCfg = Release|Any CPU
		{DB138D1B-30FB-4804-B443-CBAC8478D65A}.Release|x86.Build.0 = Release|Any CPU
		{884D3BD0-9F3E-49C1-89A6-132359A07E13}.Debug|Any CPU.ActiveCfg = Debug|Any CPU
		{884D3BD0-9F3E-49C1-89A6-132359A07E13}.Debug|Any CPU.Build.0 = Debug|Any CPU
		{884D3BD0-9F3E-49C1-89A6-132359A07E13}.Debug|Mixed Platforms.ActiveCfg = Debug|Any CPU
		{884D3BD0-9F3E-49C1-89A6-132359A07E13}.Debug|Mixed Platforms.Build.0 = Debug|Any CPU
		{884D3BD0-9F3E-49C1-89A6-132359A07E13}.Debug|x64.ActiveCfg = Debug|x64
		{884D3BD0-9F3E-49C1-89A6-132359A07E13}.Debug|x64.Build.0 = Debug|x64
		{884D3BD0-9F3E-49C1-89A6-132359A07E13}.Debug|x86.ActiveCfg = Debug|Any CPU
		{884D3BD0-9F3E-49C1-89A6-132359A07E13}.Debug|x86.Build.0 = Debug|Any CPU
		{884D3BD0-9F3E-49C1-89A6-132359A07E13}.Encrypt|Any CPU.ActiveCfg = Release|Any CPU
		{884D3BD0-9F3E-49C1-89A6-132359A07E13}.Encrypt|Any CPU.Build.0 = Release|Any CPU
		{884D3BD0-9F3E-49C1-89A6-132359A07E13}.Encrypt|Mixed Platforms.ActiveCfg = Release|Any CPU
		{884D3BD0-9F3E-49C1-89A6-132359A07E13}.Encrypt|Mixed Platforms.Build.0 = Release|Any CPU
		{884D3BD0-9F3E-49C1-89A6-132359A07E13}.Encrypt|x64.ActiveCfg = Release|x64
		{884D3BD0-9F3E-49C1-89A6-132359A07E13}.Encrypt|x64.Build.0 = Release|x64
		{884D3BD0-9F3E-49C1-89A6-132359A07E13}.Encrypt|x86.ActiveCfg = Release|Any CPU
		{884D3BD0-9F3E-49C1-89A6-132359A07E13}.Encrypt|x86.Build.0 = Release|Any CPU
		{884D3BD0-9F3E-49C1-89A6-132359A07E13}.Release|Any CPU.ActiveCfg = Release|Any CPU
		{884D3BD0-9F3E-49C1-89A6-132359A07E13}.Release|Any CPU.Build.0 = Release|Any CPU
		{884D3BD0-9F3E-49C1-89A6-132359A07E13}.Release|Mixed Platforms.ActiveCfg = Release|Any CPU
		{884D3BD0-9F3E-49C1-89A6-132359A07E13}.Release|Mixed Platforms.Build.0 = Release|Any CPU
		{884D3BD0-9F3E-49C1-89A6-132359A07E13}.Release|x64.ActiveCfg = Release|x64
		{884D3BD0-9F3E-49C1-89A6-132359A07E13}.Release|x64.Build.0 = Release|x64
		{884D3BD0-9F3E-49C1-89A6-132359A07E13}.Release|x86.ActiveCfg = Release|Any CPU
		{884D3BD0-9F3E-49C1-89A6-132359A07E13}.Release|x86.Build.0 = Release|Any CPU
		{971E9196-B710-4331-AD7F-1578090769E5}.Debug|Any CPU.ActiveCfg = Debug|Any CPU
		{971E9196-B710-4331-AD7F-1578090769E5}.Debug|Any CPU.Build.0 = Debug|Any CPU
		{971E9196-B710-4331-AD7F-1578090769E5}.Debug|Mixed Platforms.ActiveCfg = Debug|x86
		{971E9196-B710-4331-AD7F-1578090769E5}.Debug|Mixed Platforms.Build.0 = Debug|x86
		{971E9196-B710-4331-AD7F-1578090769E5}.Debug|x64.ActiveCfg = Debug|x64
		{971E9196-B710-4331-AD7F-1578090769E5}.Debug|x64.Build.0 = Debug|x64
		{971E9196-B710-4331-AD7F-1578090769E5}.Debug|x86.ActiveCfg = Debug|x86
		{971E9196-B710-4331-AD7F-1578090769E5}.Debug|x86.Build.0 = Debug|x86
		{971E9196-B710-4331-AD7F-1578090769E5}.Encrypt|Any CPU.ActiveCfg = Release|Any CPU
		{971E9196-B710-4331-AD7F-1578090769E5}.Encrypt|Any CPU.Build.0 = Release|Any CPU
		{971E9196-B710-4331-AD7F-1578090769E5}.Encrypt|Mixed Platforms.ActiveCfg = Release|x86
		{971E9196-B710-4331-AD7F-1578090769E5}.Encrypt|Mixed Platforms.Build.0 = Release|x86
		{971E9196-B710-4331-AD7F-1578090769E5}.Encrypt|x64.ActiveCfg = Release|x64
		{971E9196-B710-4331-AD7F-1578090769E5}.Encrypt|x64.Build.0 = Release|x64
		{971E9196-B710-4331-AD7F-1578090769E5}.Encrypt|x86.ActiveCfg = Release|x86
		{971E9196-B710-4331-AD7F-1578090769E5}.Encrypt|x86.Build.0 = Release|x86
		{971E9196-B710-4331-AD7F-1578090769E5}.Release|Any CPU.ActiveCfg = Release|Any CPU
		{971E9196-B710-4331-AD7F-1578090769E5}.Release|Any CPU.Build.0 = Release|Any CPU
		{971E9196-B710-4331-AD7F-1578090769E5}.Release|Mixed Platforms.ActiveCfg = Release|x86
		{971E9196-B710-4331-AD7F-1578090769E5}.Release|Mixed Platforms.Build.0 = Release|x86
		{971E9196-B710-4331-AD7F-1578090769E5}.Release|x64.ActiveCfg = Release|x64
		{971E9196-B710-4331-AD7F-1578090769E5}.Release|x64.Build.0 = Release|x64
		{971E9196-B710-4331-AD7F-1578090769E5}.Release|x86.ActiveCfg = Release|x86
		{971E9196-B710-4331-AD7F-1578090769E5}.Release|x86.Build.0 = Release|x86
		{220A6F97-0A99-4DB8-AAE6-B41B681723E5}.Debug|Any CPU.ActiveCfg = Debug|Any CPU
		{220A6F97-0A99-4DB8-AAE6-B41B681723E5}.Debug|Any CPU.Build.0 = Debug|Any CPU
		{220A6F97-0A99-4DB8-AAE6-B41B681723E5}.Debug|Mixed Platforms.ActiveCfg = Debug|x86
		{220A6F97-0A99-4DB8-AAE6-B41B681723E5}.Debug|Mixed Platforms.Build.0 = Debug|x86
		{220A6F97-0A99-4DB8-AAE6-B41B681723E5}.Debug|x64.ActiveCfg = Debug|x64
		{220A6F97-0A99-4DB8-AAE6-B41B681723E5}.Debug|x64.Build.0 = Debug|x64
		{220A6F97-0A99-4DB8-AAE6-B41B681723E5}.Debug|x86.ActiveCfg = Debug|x86
		{220A6F97-0A99-4DB8-AAE6-B41B681723E5}.Debug|x86.Build.0 = Debug|x86
		{220A6F97-0A99-4DB8-AAE6-B41B681723E5}.Encrypt|Any CPU.ActiveCfg = Encrypt|Any CPU
		{220A6F97-0A99-4DB8-AAE6-B41B681723E5}.Encrypt|Any CPU.Build.0 = Encrypt|Any CPU
		{220A6F97-0A99-4DB8-AAE6-B41B681723E5}.Encrypt|Mixed Platforms.ActiveCfg = Encrypt|x86
		{220A6F97-0A99-4DB8-AAE6-B41B681723E5}.Encrypt|Mixed Platforms.Build.0 = Encrypt|x86
		{220A6F97-0A99-4DB8-AAE6-B41B681723E5}.Encrypt|x64.ActiveCfg = Encrypt|x64
		{220A6F97-0A99-4DB8-AAE6-B41B681723E5}.Encrypt|x64.Build.0 = Encrypt|x64
		{220A6F97-0A99-4DB8-AAE6-B41B681723E5}.Encrypt|x86.ActiveCfg = Encrypt|x86
		{220A6F97-0A99-4DB8-AAE6-B41B681723E5}.Encrypt|x86.Build.0 = Encrypt|x86
		{220A6F97-0A99-4DB8-AAE6-B41B681723E5}.Release|Any CPU.ActiveCfg = Release|Any CPU
		{220A6F97-0A99-4DB8-AAE6-B41B681723E5}.Release|Any CPU.Build.0 = Release|Any CPU
		{220A6F97-0A99-4DB8-AAE6-B41B681723E5}.Release|Mixed Platforms.ActiveCfg = Release|x86
		{220A6F97-0A99-4DB8-AAE6-B41B681723E5}.Release|Mixed Platforms.Build.0 = Release|x86
		{220A6F97-0A99-4DB8-AAE6-B41B681723E5}.Release|x64.ActiveCfg = Release|x64
		{220A6F97-0A99-4DB8-AAE6-B41B681723E5}.Release|x64.Build.0 = Release|x64
		{220A6F97-0A99-4DB8-AAE6-B41B681723E5}.Release|x86.ActiveCfg = Release|x86
		{220A6F97-0A99-4DB8-AAE6-B41B681723E5}.Release|x86.Build.0 = Release|x86
		{4C7C9958-70C6-4E1A-9835-F96FF4490F27}.Debug|Any CPU.ActiveCfg = Debug|Any CPU
		{4C7C9958-70C6-4E1A-9835-F96FF4490F27}.Debug|Any CPU.Build.0 = Debug|Any CPU
		{4C7C9958-70C6-4E1A-9835-F96FF4490F27}.Debug|Mixed Platforms.ActiveCfg = Debug|Any CPU
		{4C7C9958-70C6-4E1A-9835-F96FF4490F27}.Debug|Mixed Platforms.Build.0 = Debug|Any CPU
		{4C7C9958-70C6-4E1A-9835-F96FF4490F27}.Debug|x64.ActiveCfg = Debug|x64
		{4C7C9958-70C6-4E1A-9835-F96FF4490F27}.Debug|x64.Build.0 = Debug|x64
		{4C7C9958-70C6-4E1A-9835-F96FF4490F27}.Debug|x86.ActiveCfg = Debug|Any CPU
		{4C7C9958-70C6-4E1A-9835-F96FF4490F27}.Debug|x86.Build.0 = Debug|Any CPU
		{4C7C9958-70C6-4E1A-9835-F96FF4490F27}.Encrypt|Any CPU.ActiveCfg = Release|Any CPU
		{4C7C9958-70C6-4E1A-9835-F96FF4490F27}.Encrypt|Any CPU.Build.0 = Release|Any CPU
		{4C7C9958-70C6-4E1A-9835-F96FF4490F27}.Encrypt|Mixed Platforms.ActiveCfg = Release|Any CPU
		{4C7C9958-70C6-4E1A-9835-F96FF4490F27}.Encrypt|Mixed Platforms.Build.0 = Release|Any CPU
		{4C7C9958-70C6-4E1A-9835-F96FF4490F27}.Encrypt|x64.ActiveCfg = Release|x64
		{4C7C9958-70C6-4E1A-9835-F96FF4490F27}.Encrypt|x64.Build.0 = Release|x64
		{4C7C9958-70C6-4E1A-9835-F96FF4490F27}.Encrypt|x86.ActiveCfg = Release|Any CPU
		{4C7C9958-70C6-4E1A-9835-F96FF4490F27}.Encrypt|x86.Build.0 = Release|Any CPU
		{4C7C9958-70C6-4E1A-9835-F96FF4490F27}.Release|Any CPU.ActiveCfg = Release|Any CPU
		{4C7C9958-70C6-4E1A-9835-F96FF4490F27}.Release|Any CPU.Build.0 = Release|Any CPU
		{4C7C9958-70C6-4E1A-9835-F96FF4490F27}.Release|Mixed Platforms.ActiveCfg = Release|Any CPU
		{4C7C9958-70C6-4E1A-9835-F96FF4490F27}.Release|Mixed Platforms.Build.0 = Release|Any CPU
		{4C7C9958-70C6-4E1A-9835-F96FF4490F27}.Release|x64.ActiveCfg = Release|x64
		{4C7C9958-70C6-4E1A-9835-F96FF4490F27}.Release|x64.Build.0 = Release|x64
		{4C7C9958-70C6-4E1A-9835-F96FF4490F27}.Release|x86.ActiveCfg = Release|Any CPU
		{4C7C9958-70C6-4E1A-9835-F96FF4490F27}.Release|x86.Build.0 = Release|Any CPU
		{2487CD75-7E93-4322-8F08-158DA1C11768}.Debug|Any CPU.ActiveCfg = Debug|Any CPU
		{2487CD75-7E93-4322-8F08-158DA1C11768}.Debug|Any CPU.Build.0 = Debug|Any CPU
		{2487CD75-7E93-4322-8F08-158DA1C11768}.Debug|Mixed Platforms.ActiveCfg = Debug|Any CPU
		{2487CD75-7E93-4322-8F08-158DA1C11768}.Debug|Mixed Platforms.Build.0 = Debug|Any CPU
		{2487CD75-7E93-4322-8F08-158DA1C11768}.Debug|x64.ActiveCfg = Debug|x64
		{2487CD75-7E93-4322-8F08-158DA1C11768}.Debug|x64.Build.0 = Debug|x64
		{2487CD75-7E93-4322-8F08-158DA1C11768}.Debug|x86.ActiveCfg = Debug|Any CPU
		{2487CD75-7E93-4322-8F08-158DA1C11768}.Debug|x86.Build.0 = Debug|Any CPU
		{2487CD75-7E93-4322-8F08-158DA1C11768}.Encrypt|Any CPU.ActiveCfg = Release|Any CPU
		{2487CD75-7E93-4322-8F08-158DA1C11768}.Encrypt|Any CPU.Build.0 = Release|Any CPU
		{2487CD75-7E93-4322-8F08-158DA1C11768}.Encrypt|Mixed Platforms.ActiveCfg = Release|Any CPU
		{2487CD75-7E93-4322-8F08-158DA1C11768}.Encrypt|Mixed Platforms.Build.0 = Release|Any CPU
		{2487CD75-7E93-4322-8F08-158DA1C11768}.Encrypt|x64.ActiveCfg = Release|x64
		{2487CD75-7E93-4322-8F08-158DA1C11768}.Encrypt|x64.Build.0 = Release|x64
		{2487CD75-7E93-4322-8F08-158DA1C11768}.Encrypt|x86.ActiveCfg = Release|Any CPU
		{2487CD75-7E93-4322-8F08-158DA1C11768}.Encrypt|x86.Build.0 = Release|Any CPU
		{2487CD75-7E93-4322-8F08-158DA1C11768}.Release|Any CPU.ActiveCfg = Release|Any CPU
		{2487CD75-7E93-4322-8F08-158DA1C11768}.Release|Any CPU.Build.0 = Release|Any CPU
		{2487CD75-7E93-4322-8F08-158DA1C11768}.Release|Mixed Platforms.ActiveCfg = Release|Any CPU
		{2487CD75-7E93-4322-8F08-158DA1C11768}.Release|Mixed Platforms.Build.0 = Release|Any CPU
		{2487CD75-7E93-4322-8F08-158DA1C11768}.Release|x64.ActiveCfg = Release|x64
		{2487CD75-7E93-4322-8F08-158DA1C11768}.Release|x64.Build.0 = Release|x64
		{2487CD75-7E93-4322-8F08-158DA1C11768}.Release|x86.ActiveCfg = Release|Any CPU
		{2487CD75-7E93-4322-8F08-158DA1C11768}.Release|x86.Build.0 = Release|Any CPU
		{C403325F-F34D-4993-B1E5-2EFCA24B24D3}.Debug|Any CPU.ActiveCfg = Debug|Any CPU
		{C403325F-F34D-4993-B1E5-2EFCA24B24D3}.Debug|Any CPU.Build.0 = Debug|Any CPU
		{C403325F-F34D-4993-B1E5-2EFCA24B24D3}.Debug|Mixed Platforms.ActiveCfg = Debug|Any CPU
		{C403325F-F34D-4993-B1E5-2EFCA24B24D3}.Debug|Mixed Platforms.Build.0 = Debug|Any CPU
		{C403325F-F34D-4993-B1E5-2EFCA24B24D3}.Debug|x64.ActiveCfg = Debug|x64
		{C403325F-F34D-4993-B1E5-2EFCA24B24D3}.Debug|x64.Build.0 = Debug|x64
		{C403325F-F34D-4993-B1E5-2EFCA24B24D3}.Debug|x86.ActiveCfg = Debug|Any CPU
		{C403325F-F34D-4993-B1E5-2EFCA24B24D3}.Debug|x86.Build.0 = Debug|Any CPU
		{C403325F-F34D-4993-B1E5-2EFCA24B24D3}.Encrypt|Any CPU.ActiveCfg = Release|Any CPU
		{C403325F-F34D-4993-B1E5-2EFCA24B24D3}.Encrypt|Any CPU.Build.0 = Release|Any CPU
		{C403325F-F34D-4993-B1E5-2EFCA24B24D3}.Encrypt|Mixed Platforms.ActiveCfg = Release|Any CPU
		{C403325F-F34D-4993-B1E5-2EFCA24B24D3}.Encrypt|Mixed Platforms.Build.0 = Release|Any CPU
		{C403325F-F34D-4993-B1E5-2EFCA24B24D3}.Encrypt|x64.ActiveCfg = Release|x64
		{C403325F-F34D-4993-B1E5-2EFCA24B24D3}.Encrypt|x64.Build.0 = Release|x64
		{C403325F-F34D-4993-B1E5-2EFCA24B24D3}.Encrypt|x86.ActiveCfg = Release|Any CPU
		{C403325F-F34D-4993-B1E5-2EFCA24B24D3}.Encrypt|x86.Build.0 = Release|Any CPU
		{C403325F-F34D-4993-B1E5-2EFCA24B24D3}.Release|Any CPU.ActiveCfg = Release|Any CPU
		{C403325F-F34D-4993-B1E5-2EFCA24B24D3}.Release|Any CPU.Build.0 = Release|Any CPU
		{C403325F-F34D-4993-B1E5-2EFCA24B24D3}.Release|Mixed Platforms.ActiveCfg = Release|Any CPU
		{C403325F-F34D-4993-B1E5-2EFCA24B24D3}.Release|Mixed Platforms.Build.0 = Release|Any CPU
		{C403325F-F34D-4993-B1E5-2EFCA24B24D3}.Release|x64.ActiveCfg = Release|x64
		{C403325F-F34D-4993-B1E5-2EFCA24B24D3}.Release|x64.Build.0 = Release|x64
		{C403325F-F34D-4993-B1E5-2EFCA24B24D3}.Release|x86.ActiveCfg = Release|Any CPU
		{C403325F-F34D-4993-B1E5-2EFCA24B24D3}.Release|x86.Build.0 = Release|Any CPU
		{ABA2DB8F-7BE1-4CED-A026-41ED606F1B4F}.Debug|Any CPU.ActiveCfg = Debug|Any CPU
		{ABA2DB8F-7BE1-4CED-A026-41ED606F1B4F}.Debug|Any CPU.Build.0 = Debug|Any CPU
		{ABA2DB8F-7BE1-4CED-A026-41ED606F1B4F}.Debug|Mixed Platforms.ActiveCfg = Debug|Any CPU
		{ABA2DB8F-7BE1-4CED-A026-41ED606F1B4F}.Debug|Mixed Platforms.Build.0 = Debug|Any CPU
		{ABA2DB8F-7BE1-4CED-A026-41ED606F1B4F}.Debug|x64.ActiveCfg = Debug|x64
		{ABA2DB8F-7BE1-4CED-A026-41ED606F1B4F}.Debug|x64.Build.0 = Debug|x64
		{ABA2DB8F-7BE1-4CED-A026-41ED606F1B4F}.Debug|x86.ActiveCfg = Debug|Any CPU
		{ABA2DB8F-7BE1-4CED-A026-41ED606F1B4F}.Debug|x86.Build.0 = Debug|Any CPU
		{ABA2DB8F-7BE1-4CED-A026-41ED606F1B4F}.Encrypt|Any CPU.ActiveCfg = Release|Any CPU
		{ABA2DB8F-7BE1-4CED-A026-41ED606F1B4F}.Encrypt|Any CPU.Build.0 = Release|Any CPU
		{ABA2DB8F-7BE1-4CED-A026-41ED606F1B4F}.Encrypt|Mixed Platforms.ActiveCfg = Release|Any CPU
		{ABA2DB8F-7BE1-4CED-A026-41ED606F1B4F}.Encrypt|Mixed Platforms.Build.0 = Release|Any CPU
		{ABA2DB8F-7BE1-4CED-A026-41ED606F1B4F}.Encrypt|x64.ActiveCfg = Release|x64
		{ABA2DB8F-7BE1-4CED-A026-41ED606F1B4F}.Encrypt|x64.Build.0 = Release|x64
		{ABA2DB8F-7BE1-4CED-A026-41ED606F1B4F}.Encrypt|x86.ActiveCfg = Release|Any CPU
		{ABA2DB8F-7BE1-4CED-A026-41ED606F1B4F}.Encrypt|x86.Build.0 = Release|Any CPU
		{ABA2DB8F-7BE1-4CED-A026-41ED606F1B4F}.Release|Any CPU.ActiveCfg = Release|Any CPU
		{ABA2DB8F-7BE1-4CED-A026-41ED606F1B4F}.Release|Any CPU.Build.0 = Release|Any CPU
		{ABA2DB8F-7BE1-4CED-A026-41ED606F1B4F}.Release|Mixed Platforms.ActiveCfg = Release|Any CPU
		{ABA2DB8F-7BE1-4CED-A026-41ED606F1B4F}.Release|Mixed Platforms.Build.0 = Release|Any CPU
		{ABA2DB8F-7BE1-4CED-A026-41ED606F1B4F}.Release|x64.ActiveCfg = Release|x64
		{ABA2DB8F-7BE1-4CED-A026-41ED606F1B4F}.Release|x64.Build.0 = Release|x64
		{ABA2DB8F-7BE1-4CED-A026-41ED606F1B4F}.Release|x86.ActiveCfg = Release|Any CPU
		{ABA2DB8F-7BE1-4CED-A026-41ED606F1B4F}.Release|x86.Build.0 = Release|Any CPU
		{9A531FB1-8227-4AA6-AF94-57EF4B98442F}.Debug|Any CPU.ActiveCfg = Debug|Any CPU
		{9A531FB1-8227-4AA6-AF94-57EF4B98442F}.Debug|Any CPU.Build.0 = Debug|Any CPU
		{9A531FB1-8227-4AA6-AF94-57EF4B98442F}.Debug|Mixed Platforms.ActiveCfg = Debug|Any CPU
		{9A531FB1-8227-4AA6-AF94-57EF4B98442F}.Debug|Mixed Platforms.Build.0 = Debug|Any CPU
		{9A531FB1-8227-4AA6-AF94-57EF4B98442F}.Debug|x64.ActiveCfg = Debug|x64
		{9A531FB1-8227-4AA6-AF94-57EF4B98442F}.Debug|x64.Build.0 = Debug|x64
		{9A531FB1-8227-4AA6-AF94-57EF4B98442F}.Debug|x86.ActiveCfg = Debug|Any CPU
		{9A531FB1-8227-4AA6-AF94-57EF4B98442F}.Debug|x86.Build.0 = Debug|Any CPU
		{9A531FB1-8227-4AA6-AF94-57EF4B98442F}.Encrypt|Any CPU.ActiveCfg = Release|Any CPU
		{9A531FB1-8227-4AA6-AF94-57EF4B98442F}.Encrypt|Any CPU.Build.0 = Release|Any CPU
		{9A531FB1-8227-4AA6-AF94-57EF4B98442F}.Encrypt|Mixed Platforms.ActiveCfg = Release|Any CPU
		{9A531FB1-8227-4AA6-AF94-57EF4B98442F}.Encrypt|Mixed Platforms.Build.0 = Release|Any CPU
		{9A531FB1-8227-4AA6-AF94-57EF4B98442F}.Encrypt|x64.ActiveCfg = Release|Any CPU
		{9A531FB1-8227-4AA6-AF94-57EF4B98442F}.Encrypt|x64.Build.0 = Release|Any CPU
		{9A531FB1-8227-4AA6-AF94-57EF4B98442F}.Encrypt|x86.ActiveCfg = Release|Any CPU
		{9A531FB1-8227-4AA6-AF94-57EF4B98442F}.Encrypt|x86.Build.0 = Release|Any CPU
		{9A531FB1-8227-4AA6-AF94-57EF4B98442F}.Release|Any CPU.ActiveCfg = Release|Any CPU
		{9A531FB1-8227-4AA6-AF94-57EF4B98442F}.Release|Any CPU.Build.0 = Release|Any CPU
		{9A531FB1-8227-4AA6-AF94-57EF4B98442F}.Release|Mixed Platforms.ActiveCfg = Release|Any CPU
		{9A531FB1-8227-4AA6-AF94-57EF4B98442F}.Release|Mixed Platforms.Build.0 = Release|Any CPU
		{9A531FB1-8227-4AA6-AF94-57EF4B98442F}.Release|x64.ActiveCfg = Release|Any CPU
		{9A531FB1-8227-4AA6-AF94-57EF4B98442F}.Release|x64.Build.0 = Release|Any CPU
		{9A531FB1-8227-4AA6-AF94-57EF4B98442F}.Release|x86.ActiveCfg = Release|Any CPU
		{9A531FB1-8227-4AA6-AF94-57EF4B98442F}.Release|x86.Build.0 = Release|Any CPU
		{0AF10ACE-64D3-4A87-9C50-662BAEBAEE49}.Debug|Any CPU.ActiveCfg = Debug|Any CPU
		{0AF10ACE-64D3-4A87-9C50-662BAEBAEE49}.Debug|Any CPU.Build.0 = Debug|Any CPU
		{0AF10ACE-64D3-4A87-9C50-662BAEBAEE49}.Debug|Mixed Platforms.ActiveCfg = Debug|Any CPU
		{0AF10ACE-64D3-4A87-9C50-662BAEBAEE49}.Debug|Mixed Platforms.Build.0 = Debug|Any CPU
		{0AF10ACE-64D3-4A87-9C50-662BAEBAEE49}.Debug|x64.ActiveCfg = Debug|x64
		{0AF10ACE-64D3-4A87-9C50-662BAEBAEE49}.Debug|x64.Build.0 = Debug|x64
		{0AF10ACE-64D3-4A87-9C50-662BAEBAEE49}.Debug|x86.ActiveCfg = Debug|Any CPU
		{0AF10ACE-64D3-4A87-9C50-662BAEBAEE49}.Debug|x86.Build.0 = Debug|Any CPU
		{0AF10ACE-64D3-4A87-9C50-662BAEBAEE49}.Encrypt|Any CPU.ActiveCfg = Release|Any CPU
		{0AF10ACE-64D3-4A87-9C50-662BAEBAEE49}.Encrypt|Any CPU.Build.0 = Release|Any CPU
		{0AF10ACE-64D3-4A87-9C50-662BAEBAEE49}.Encrypt|Mixed Platforms.ActiveCfg = Release|Any CPU
		{0AF10ACE-64D3-4A87-9C50-662BAEBAEE49}.Encrypt|Mixed Platforms.Build.0 = Release|Any CPU
		{0AF10ACE-64D3-4A87-9C50-662BAEBAEE49}.Encrypt|x64.ActiveCfg = Release|x64
		{0AF10ACE-64D3-4A87-9C50-662BAEBAEE49}.Encrypt|x64.Build.0 = Release|x64
		{0AF10ACE-64D3-4A87-9C50-662BAEBAEE49}.Encrypt|x86.ActiveCfg = Release|Any CPU
		{0AF10ACE-64D3-4A87-9C50-662BAEBAEE49}.Encrypt|x86.Build.0 = Release|Any CPU
		{0AF10ACE-64D3-4A87-9C50-662BAEBAEE49}.Release|Any CPU.ActiveCfg = Release|Any CPU
		{0AF10ACE-64D3-4A87-9C50-662BAEBAEE49}.Release|Any CPU.Build.0 = Release|Any CPU
		{0AF10ACE-64D3-4A87-9C50-662BAEBAEE49}.Release|Mixed Platforms.ActiveCfg = Release|Any CPU
		{0AF10ACE-64D3-4A87-9C50-662BAEBAEE49}.Release|Mixed Platforms.Build.0 = Release|Any CPU
		{0AF10ACE-64D3-4A87-9C50-662BAEBAEE49}.Release|x64.ActiveCfg = Release|x64
		{0AF10ACE-64D3-4A87-9C50-662BAEBAEE49}.Release|x64.Build.0 = Release|x64
		{0AF10ACE-64D3-4A87-9C50-662BAEBAEE49}.Release|x86.ActiveCfg = Release|Any CPU
		{0AF10ACE-64D3-4A87-9C50-662BAEBAEE49}.Release|x86.Build.0 = Release|Any CPU
		{D1BA6F01-BE29-4C40-B371-B52692A56C9F}.Debug|Any CPU.ActiveCfg = Debug|Any CPU
		{D1BA6F01-BE29-4C40-B371-B52692A56C9F}.Debug|Any CPU.Build.0 = Debug|Any CPU
		{D1BA6F01-BE29-4C40-B371-B52692A56C9F}.Debug|Mixed Platforms.ActiveCfg = Debug|Any CPU
		{D1BA6F01-BE29-4C40-B371-B52692A56C9F}.Debug|Mixed Platforms.Build.0 = Debug|Any CPU
		{D1BA6F01-BE29-4C40-B371-B52692A56C9F}.Debug|x64.ActiveCfg = Debug|x64
		{D1BA6F01-BE29-4C40-B371-B52692A56C9F}.Debug|x64.Build.0 = Debug|x64
		{D1BA6F01-BE29-4C40-B371-B52692A56C9F}.Debug|x86.ActiveCfg = Debug|Any CPU
		{D1BA6F01-BE29-4C40-B371-B52692A56C9F}.Debug|x86.Build.0 = Debug|Any CPU
		{D1BA6F01-BE29-4C40-B371-B52692A56C9F}.Encrypt|Any CPU.ActiveCfg = Release|Any CPU
		{D1BA6F01-BE29-4C40-B371-B52692A56C9F}.Encrypt|Any CPU.Build.0 = Release|Any CPU
		{D1BA6F01-BE29-4C40-B371-B52692A56C9F}.Encrypt|Mixed Platforms.ActiveCfg = Release|Any CPU
		{D1BA6F01-BE29-4C40-B371-B52692A56C9F}.Encrypt|Mixed Platforms.Build.0 = Release|Any CPU
		{D1BA6F01-BE29-4C40-B371-B52692A56C9F}.Encrypt|x64.ActiveCfg = Release|x64
		{D1BA6F01-BE29-4C40-B371-B52692A56C9F}.Encrypt|x64.Build.0 = Release|x64
		{D1BA6F01-BE29-4C40-B371-B52692A56C9F}.Encrypt|x86.ActiveCfg = Release|Any CPU
		{D1BA6F01-BE29-4C40-B371-B52692A56C9F}.Encrypt|x86.Build.0 = Release|Any CPU
		{D1BA6F01-BE29-4C40-B371-B52692A56C9F}.Release|Any CPU.ActiveCfg = Release|Any CPU
		{D1BA6F01-BE29-4C40-B371-B52692A56C9F}.Release|Any CPU.Build.0 = Release|Any CPU
		{D1BA6F01-BE29-4C40-B371-B52692A56C9F}.Release|Mixed Platforms.ActiveCfg = Release|Any CPU
		{D1BA6F01-BE29-4C40-B371-B52692A56C9F}.Release|Mixed Platforms.Build.0 = Release|Any CPU
		{D1BA6F01-BE29-4C40-B371-B52692A56C9F}.Release|x64.ActiveCfg = Release|x64
		{D1BA6F01-BE29-4C40-B371-B52692A56C9F}.Release|x64.Build.0 = Release|x64
		{D1BA6F01-BE29-4C40-B371-B52692A56C9F}.Release|x86.ActiveCfg = Release|Any CPU
		{D1BA6F01-BE29-4C40-B371-B52692A56C9F}.Release|x86.Build.0 = Release|Any CPU
		{CB6F21C6-8301-4159-B4E7-601CC72B52B2}.Debug|Any CPU.ActiveCfg = Debug|Any CPU
		{CB6F21C6-8301-4159-B4E7-601CC72B52B2}.Debug|Any CPU.Build.0 = Debug|Any CPU
		{CB6F21C6-8301-4159-B4E7-601CC72B52B2}.Debug|Mixed Platforms.ActiveCfg = Debug|Any CPU
		{CB6F21C6-8301-4159-B4E7-601CC72B52B2}.Debug|Mixed Platforms.Build.0 = Debug|Any CPU
		{CB6F21C6-8301-4159-B4E7-601CC72B52B2}.Debug|x64.ActiveCfg = Debug|x64
		{CB6F21C6-8301-4159-B4E7-601CC72B52B2}.Debug|x64.Build.0 = Debug|x64
		{CB6F21C6-8301-4159-B4E7-601CC72B52B2}.Debug|x86.ActiveCfg = Debug|Any CPU
		{CB6F21C6-8301-4159-B4E7-601CC72B52B2}.Debug|x86.Build.0 = Debug|Any CPU
		{CB6F21C6-8301-4159-B4E7-601CC72B52B2}.Encrypt|Any CPU.ActiveCfg = Release|Any CPU
		{CB6F21C6-8301-4159-B4E7-601CC72B52B2}.Encrypt|Any CPU.Build.0 = Release|Any CPU
		{CB6F21C6-8301-4159-B4E7-601CC72B52B2}.Encrypt|Mixed Platforms.ActiveCfg = Release|Any CPU
		{CB6F21C6-8301-4159-B4E7-601CC72B52B2}.Encrypt|Mixed Platforms.Build.0 = Release|Any CPU
		{CB6F21C6-8301-4159-B4E7-601CC72B52B2}.Encrypt|x64.ActiveCfg = Release|x64
		{CB6F21C6-8301-4159-B4E7-601CC72B52B2}.Encrypt|x64.Build.0 = Release|x64
		{CB6F21C6-8301-4159-B4E7-601CC72B52B2}.Encrypt|x86.ActiveCfg = Release|Any CPU
		{CB6F21C6-8301-4159-B4E7-601CC72B52B2}.Encrypt|x86.Build.0 = Release|Any CPU
		{CB6F21C6-8301-4159-B4E7-601CC72B52B2}.Release|Any CPU.ActiveCfg = Release|Any CPU
		{CB6F21C6-8301-4159-B4E7-601CC72B52B2}.Release|Any CPU.Build.0 = Release|Any CPU
		{CB6F21C6-8301-4159-B4E7-601CC72B52B2}.Release|Mixed Platforms.ActiveCfg = Release|Any CPU
		{CB6F21C6-8301-4159-B4E7-601CC72B52B2}.Release|Mixed Platforms.Build.0 = Release|Any CPU
		{CB6F21C6-8301-4159-B4E7-601CC72B52B2}.Release|x64.ActiveCfg = Release|x64
		{CB6F21C6-8301-4159-B4E7-601CC72B52B2}.Release|x64.Build.0 = Release|x64
		{CB6F21C6-8301-4159-B4E7-601CC72B52B2}.Release|x86.ActiveCfg = Release|Any CPU
		{CB6F21C6-8301-4159-B4E7-601CC72B52B2}.Release|x86.Build.0 = Release|Any CPU
	EndGlobalSection
	GlobalSection(SolutionProperties) = preSolution
		HideSolutionNode = FALSE
	EndGlobalSection
	GlobalSection(NestedProjects) = preSolution
		{E2365577-551A-40CA-A2CE-FA9253B55189} = {634545CD-5F25-4963-A0A8-4DBCF82632EC}
		{7E736775-B7D5-4E00-BB3F-5BF6622664A7} = {7060497B-FAE9-45D4-AE81-2AB01B1A31A1}
		{CD373B7D-DD7A-45C2-B401-F847D9B46E7C} = {7060497B-FAE9-45D4-AE81-2AB01B1A31A1}
		{46444EC7-C6ED-4792-BC33-BCC4AD906B6E} = {A1E685DE-7F43-452D-9C0B-48F2FBD9C3EB}
		{2D831CBC-E343-46D5-9E84-0997AD932D0F} = {6F69890A-5889-4DCE-A43B-21918E860E2F}
		{9C58F571-2273-496A-8A86-52F062211206} = {A1E685DE-7F43-452D-9C0B-48F2FBD9C3EB}
		{B01071D7-31E5-4F8E-B065-3612F83BC4F0} = {6F69890A-5889-4DCE-A43B-21918E860E2F}
		{DB138D1B-30FB-4804-B443-CBAC8478D65A} = {A1E685DE-7F43-452D-9C0B-48F2FBD9C3EB}
		{884D3BD0-9F3E-49C1-89A6-132359A07E13} = {7060497B-FAE9-45D4-AE81-2AB01B1A31A1}
		{971E9196-B710-4331-AD7F-1578090769E5} = {7060497B-FAE9-45D4-AE81-2AB01B1A31A1}
		{220A6F97-0A99-4DB8-AAE6-B41B681723E5} = {7060497B-FAE9-45D4-AE81-2AB01B1A31A1}
		{E04B5303-0AE8-4498-BB6F-B87FFD269008} = {383F6D1F-F357-4B25-9D16-FE07110970E7}
		{4C7C9958-70C6-4E1A-9835-F96FF4490F27} = {E04B5303-0AE8-4498-BB6F-B87FFD269008}
		{2487CD75-7E93-4322-8F08-158DA1C11768} = {383F6D1F-F357-4B25-9D16-FE07110970E7}
		{C403325F-F34D-4993-B1E5-2EFCA24B24D3} = {7060497B-FAE9-45D4-AE81-2AB01B1A31A1}
		{AAF41730-EC18-45CE-A289-76410C58BB3E} = {7060497B-FAE9-45D4-AE81-2AB01B1A31A1}
		{ABA2DB8F-7BE1-4CED-A026-41ED606F1B4F} = {AAF41730-EC18-45CE-A289-76410C58BB3E}
		{9A531FB1-8227-4AA6-AF94-57EF4B98442F} = {AAF41730-EC18-45CE-A289-76410C58BB3E}
		{0AF10ACE-64D3-4A87-9C50-662BAEBAEE49} = {AAF41730-EC18-45CE-A289-76410C58BB3E}
		{D1BA6F01-BE29-4C40-B371-B52692A56C9F} = {7060497B-FAE9-45D4-AE81-2AB01B1A31A1}
		{CB6F21C6-8301-4159-B4E7-601CC72B52B2} = {6F69890A-5889-4DCE-A43B-21918E860E2F}
	EndGlobalSection
	GlobalSection(ExtensibilityGlobals) = postSolution
		SolutionGuid = {7DC15A4B-AB3B-48D5-99E5-B66595E52A44}
	EndGlobalSection
EndGlobal
